
Microsoft Visual Studio Solution File, Format Version 12.00
# Visual Studio Version 17
VisualStudioVersion = 17.6.33829.357
MinimumVisualStudioVersion = 10.0.40219.1
Project("{888888A0-9F3D-457C-B088-3A5042F75D52}") = "simplechatbot", "simplechatbot\simplechatbot.pyproj", "{6F7C93CB-2990-4D71-88EE-111A426CF67F}"
EndProject
Global
	GlobalSection(SolutionConfigurationPlatforms) = preSolution
		Debug|Any CPU = Debug|Any CPU
		Release|Any CPU = Release|Any CPU
	EndGlobalSection
	GlobalSection(ProjectConfigurationPlatforms) = postSolution
		{6F7C93CB-2990-4D71-88EE-111A426CF67F}.Debug|Any CPU.ActiveCfg = Debug|Any CPU
		{6F7C93CB-2990-4D71-88EE-111A426CF67F}.Release|Any CPU.ActiveCfg = Release|Any CPU
	EndGlobalSection
	GlobalSection(SolutionProperties) = preSolution
		HideSolutionNode = FALSE
	EndGlobalSection
	GlobalSection(ExtensibilityGlobals) = postSolution
		SolutionGuid = {496455C2-F7B6-43E6-A48B-8415499B3547}
	EndGlobalSection
EndGlobal
